// !$*UTF8*$!
{
	archiveVersion = 1;
	classes = {
	};
	objectVersion = 50;
	objects = {

/* Begin PBXBuildFile section */
		8446F0AF25C535DF00953398 /* AppDelegate.swift in Sources */ = {isa = PBXBuildFile; fileRef = 8446F0AE25C535DF00953398 /* AppDelegate.swift */; };
		8446F0B125C535DF00953398 /* SceneDelegate.swift in Sources */ = {isa = PBXBuildFile; fileRef = 8446F0B025C535DF00953398 /* SceneDelegate.swift */; };
		8446F0B325C535DF00953398 /* ListViewController.swift in Sources */ = {isa = PBXBuildFile; fileRef = 8446F0B225C535DF00953398 /* ListViewController.swift */; };
		8446F0B625C535DF00953398 /* Main.storyboard in Resources */ = {isa = PBXBuildFile; fileRef = 8446F0B425C535DF00953398 /* Main.storyboard */; };
		8446F0B825C535DF00953398 /* Assets.xcassets in Resources */ = {isa = PBXBuildFile; fileRef = 8446F0B725C535DF00953398 /* Assets.xcassets */; };
		8446F0BB25C535DF00953398 /* LaunchScreen.storyboard in Resources */ = {isa = PBXBuildFile; fileRef = 8446F0B925C535DF00953398 /* LaunchScreen.storyboard */; };
		8446F0C425C5360400953398 /* Api Manager.swift in Sources */ = {isa = PBXBuildFile; fileRef = 8446F0C325C5360400953398 /* Api Manager.swift */; };
		84515B1125C54C65000DDB68 /* ListingCollectionViewCell.swift in Sources */ = {isa = PBXBuildFile; fileRef = 84515B1025C54C65000DDB68 /* ListingCollectionViewCell.swift */; };
		84E9BAD125C9712E001796E8 /* UPCarouselFlowLayout.swift in Sources */ = {isa = PBXBuildFile; fileRef = 84E9BAD025C9712E001796E8 /* UPCarouselFlowLayout.swift */; };
		84ED2D9725C5389800D981D8 /* Result.swift in Sources */ = {isa = PBXBuildFile; fileRef = 84ED2D9625C5389800D981D8 /* Result.swift */; };
/* End PBXBuildFile section */

/* Begin PBXFileReference section */
		8446F0AB25C535DF00953398 /* Machine Test.app */ = {isa = PBXFileReference; explicitFileType = wrapper.application; includeInIndex = 0; path = "Machine Test.app"; sourceTree = BUILT_PRODUCTS_DIR; };
		8446F0AE25C535DF00953398 /* AppDelegate.swift */ = {isa = PBXFileReference; lastKnownFileType = sourcecode.swift; path = AppDelegate.swift; sourceTree = "<group>"; };
		8446F0B025C535DF00953398 /* SceneDelegate.swift */ = {isa = PBXFileReference; lastKnownFileType = sourcecode.swift; path = SceneDelegate.swift; sourceTree = "<group>"; };
		8446F0B225C535DF00953398 /* ListViewController.swift */ = {isa = PBXFileReference; lastKnownFileType = sourcecode.swift; path = ListViewController.swift; sourceTree = "<group>"; };
		8446F0B525C535DF00953398 /* Base */ = {isa = PBXFileReference; lastKnownFileType = file.storyboard; name = Base; path = Base.lproj/Main.storyboard; sourceTree = "<group>"; };
		8446F0B725C535DF00953398 /* Assets.xcassets */ = {isa = PBXFileReference; lastKnownFileType = folder.assetcatalog; path = Assets.xcassets; sourceTree = "<group>"; };
		8446F0BA25C535DF00953398 /* Base */ = {isa = PBXFileReference; lastKnownFileType = file.storyboard; name = Base; path = Base.lproj/LaunchScreen.storyboard; sourceTree = "<group>"; };
		8446F0BC25C535DF00953398 /* Info.plist */ = {isa = PBXFileReference; lastKnownFileType = text.plist.xml; path = Info.plist; sourceTree = "<group>"; };
		8446F0C325C5360400953398 /* Api Manager.swift */ = {isa = PBXFileReference; lastKnownFileType = sourcecode.swift; path = "Api Manager.swift"; sourceTree = "<group>"; };
		84515B1025C54C65000DDB68 /* ListingCollectionViewCell.swift */ = {isa = PBXFileReference; lastKnownFileType = sourcecode.swift; path = ListingCollectionViewCell.swift; sourceTree = "<group>"; };
		84E9BAD025C9712E001796E8 /* UPCarouselFlowLayout.swift */ = {isa = PBXFileReference; fileEncoding = 4; lastKnownFileType = sourcecode.swift; path = UPCarouselFlowLayout.swift; sourceTree = "<group>"; };
		84ED2D9625C5389800D981D8 /* Result.swift */ = {isa = PBXFileReference; lastKnownFileType = sourcecode.swift; path = Result.swift; sourceTree = "<group>"; };
/* End PBXFileReference section */

/* Begin PBXFrameworksBuildPhase section */
		8446F0A825C535DF00953398 /* Frameworks */ = {
			isa = PBXFrameworksBuildPhase;
			buildActionMask = 2147483647;
			files = (
			);
			runOnlyForDeploymentPostprocessing = 0;
		};
/* End PBXFrameworksBuildPhase section */

/* Begin PBXGroup section */
		8446F0A225C535DF00953398 = {
			isa = PBXGroup;
			children = (
				8446F0AD25C535DF00953398 /* Machine Test */,
				8446F0AC25C535DF00953398 /* Products */,
			);
			sourceTree = "<group>";
		};
		8446F0AC25C535DF00953398 /* Products */ = {
			isa = PBXGroup;
			children = (
				8446F0AB25C535DF00953398 /* Machine Test.app */,
			);
			name = Products;
			sourceTree = "<group>";
		};
		8446F0AD25C535DF00953398 /* Machine Test */ = {
			isa = PBXGroup;
			children = (
				84515B1B25C55D5E000DDB68 /* Delegate */,
				84515B1A25C55D55000DDB68 /* Model */,
				84515B1925C55D45000DDB68 /* Storyboard */,
				84515B1825C55D34000DDB68 /* ViewController */,
				8446F0B725C535DF00953398 /* Assets.xcassets */,
				8446F0BC25C535DF00953398 /* Info.plist */,
			);
			path = "Machine Test";
			sourceTree = "<group>";
		};
		84515B1825C55D34000DDB68 /* ViewController */ = {
			isa = PBXGroup;
			children = (
				8446F0B225C535DF00953398 /* ListViewController.swift */,
				84515B1025C54C65000DDB68 /* ListingCollectionViewCell.swift */,
			);
			path = ViewController;
			sourceTree = "<group>";
		};
		84515B1925C55D45000DDB68 /* Storyboard */ = {
			isa = PBXGroup;
			children = (
				8446F0B425C535DF00953398 /* Main.storyboard */,
				8446F0B925C535DF00953398 /* LaunchScreen.storyboard */,
			);
			path = Storyboard;
			sourceTree = "<group>";
		};
		84515B1A25C55D55000DDB68 /* Model */ = {
			isa = PBXGroup;
			children = (
				84E9BAD025C9712E001796E8 /* UPCarouselFlowLayout.swift */,
				8446F0C325C5360400953398 /* Api Manager.swift */,
				84ED2D9625C5389800D981D8 /* Result.swift */,
			);
			path = Model;
			sourceTree = "<group>";
		};
		84515B1B25C55D5E000DDB68 /* Delegate */ = {
			isa = PBXGroup;
			children = (
				8446F0AE25C535DF00953398 /* AppDelegate.swift */,
				8446F0B025C535DF00953398 /* SceneDelegate.swift */,
			);
			path = Delegate;
			sourceTree = "<group>";
		};
/* End PBXGroup section */

/* Begin PBXNativeTarget section */
		8446F0AA25C535DF00953398 /* Machine Test */ = {
			isa = PBXNativeTarget;
			buildConfigurationList = 8446F0BF25C535DF00953398 /* Build configuration list for PBXNativeTarget "Machine Test" */;
			buildPhases = (
				8446F0A725C535DF00953398 /* Sources */,
				8446F0A825C535DF00953398 /* Frameworks */,
				8446F0A925C535DF00953398 /* Resources */,
			);
			buildRules = (
			);
			dependencies = (
			);
			name = "Machine Test";
			productName = "Machine Test";
			productReference = 8446F0AB25C535DF00953398 /* Machine Test.app */;
			productType = "com.apple.product-type.application";
		};
/* End PBXNativeTarget section */

/* Begin PBXProject section */
		8446F0A325C535DF00953398 /* Project object */ = {
			isa = PBXProject;
			attributes = {
				LastSwiftUpdateCheck = 1200;
				LastUpgradeCheck = 1200;
				TargetAttributes = {
					8446F0AA25C535DF00953398 = {
						CreatedOnToolsVersion = 12.0.1;
					};
				};
			};
			buildConfigurationList = 8446F0A625C535DF00953398 /* Build configuration list for PBXProject "Machine Test" */;
			compatibilityVersion = "Xcode 9.3";
			developmentRegion = en;
			hasScannedForEncodings = 0;
			knownRegions = (
				en,
				Base,
			);
			mainGroup = 8446F0A225C535DF00953398;
			productRefGroup = 8446F0AC25C535DF00953398 /* Products */;
			projectDirPath = "";
			projectRoot = "";
			targets = (
				8446F0AA25C535DF00953398 /* Machine Test */,
			);
		};
/* End PBXProject section */

/* Begin PBXResourcesBuildPhase section */
		8446F0A925C535DF00953398 /* Resources */ = {
			isa = PBXResourcesBuildPhase;
			buildActionMask = 2147483647;
			files = (
				8446F0BB25C535DF00953398 /* LaunchScreen.storyboard in Resources */,
				8446F0B825C535DF00953398 /* Assets.xcassets in Resources */,
				8446F0B625C535DF00953398 /* Main.storyboard in Resources */,
			);
			runOnlyForDeploymentPostprocessing = 0;
		};
/* End PBXResourcesBuildPhase section */

/* Begin PBXSourcesBuildPhase section */
		8446F0A725C535DF00953398 /* Sources */ = {
			isa = PBXSourcesBuildPhase;
			buildActionMask = 2147483647;
			files = (
				8446F0B325C535DF00953398 /* ListViewController.swift in Sources */,
				84ED2D9725C5389800D981D8 /* Result.swift in Sources */,
				8446F0C425C5360400953398 /* Api Manager.swift in Sources */,
				84515B1125C54C65000DDB68 /* ListingCollectionViewCell.swift in Sources */,
				8446F0AF25C535DF00953398 /* AppDelegate.swift in Sources */,
				8446F0B125C535DF00953398 /* SceneDelegate.swift in Sources */,
				84E9BAD125C9712E001796E8 /* UPCarouselFlowLayout.swift in Sources */,
			);
			runOnlyForDeploymentPostprocessing = 0;
		};
/* End PBXSourcesBuildPhase section */

/* Begin PBXVariantGroup section */
		8446F0B425C535DF00953398 /* Main.storyboard */ = {
			isa = PBXVariantGroup;
			children = (
				8446F0B525C535DF00953398 /* Base */,
			);
			name = Main.storyboard;
			sourceTree = "<group>";
		};
		8446F0B925C535DF00953398 /* LaunchScreen.storyboard */ = {
			isa = PBXVariantGroup;
			children = (
				8446F0BA25C535DF00953398 /* Base */,
			);
			name = LaunchScreen.storyboard;
			sourceTree = "<group>";
		};
/* End PBXVariantGroup section */

/* Begin XCBuildConfiguration section */
		8446F0BD25C535DF00953398 /* Debug */ = {
			isa = XCBuildConfiguration;
			buildSettings = {
				ALWAYS_SEARCH_USER_PATHS = NO;
				CLANG_ANALYZER_NONNULL = YES;
				CLANG_ANALYZER_NUMBER_OBJECT_CONVERSION = YES_AGGRESSIVE;
				CLANG_CXX_LANGUAGE_STANDARD = "gnu++14";
				CLANG_CXX_LIBRARY = "libc++";
				CLANG_ENABLE_MODULES = YES;
				CLANG_ENABLE_OBJC_ARC = YES;
				CLANG_ENABLE_OBJC_WEAK = YES;
				CLANG_WARN_BLOCK_CAPTURE_AUTORELEASING = YES;
				CLANG_WARN_BOOL_CONVERSION = YES;
				CLANG_WARN_COMMA = YES;
				CLANG_WARN_CONSTANT_CONVERSION = YES;
				CLANG_WARN_DEPRECATED_OBJC_IMPLEMENTATIONS = YES;
				CLANG_WARN_DIRECT_OBJC_ISA_USAGE = YES_ERROR;
				CLANG_WARN_DOCUMENTATION_COMMENTS = YES;
				CLANG_WARN_EMPTY_BODY = YES;
				CLANG_WARN_ENUM_CONVERSION = YES;
				CLANG_WARN_INFINITE_RECURSION = YES;
				CLANG_WARN_INT_CONVERSION = YES;
				CLANG_WARN_NON_LITERAL_NULL_CONVERSION = YES;
				CLANG_WARN_OBJC_IMPLICIT_RETAIN_SELF = YES;
				CLANG_WARN_OBJC_LITERAL_CONVERSION = YES;
				CLANG_WARN_OBJC_ROOT_CLASS = YES_ERROR;
				CLANG_WARN_QUOTED_INCLUDE_IN_FRAMEWORK_HEADER = YES;
				CLANG_WARN_RANGE_LOOP_ANALYSIS = YES;
				CLANG_WARN_STRICT_PROTOTYPES = YES;
				CLANG_WARN_SUSPICIOUS_MOVE = YES;
				CLANG_WARN_UNGUARDED_AVAILABILITY = YES_AGGRESSIVE;
				CLANG_WARN_UNREACHABLE_CODE = YES;
				CLANG_WARN__DUPLICATE_METHOD_MATCH = YES;
				COPY_PHASE_STRIP = NO;
				DEBUG_INFORMATION_FORMAT = dwarf;
				ENABLE_STRICT_OBJC_MSGSEND = YES;
				ENABLE_TESTABILITY = YES;
				GCC_C_LANGUAGE_STANDARD = gnu11;
				GCC_DYNAMIC_NO_PIC = NO;
				GCC_NO_COMMON_BLOCKS = YES;
				GCC_OPTIMIZATION_LEVEL = 0;
				GCC_PREPROCESSOR_DEFINITIONS = (
					"DEBUG=1",
					"$(inherited)",
				);
				GCC_WARN_64_TO_32_BIT_CONVERSION = YES;
				GCC_WARN_ABOUT_RETURN_TYPE = YES_ERROR;
				GCC_WARN_UNDECLARED_SELECTOR = YES;
				GCC_WARN_UNINITIALIZED_AUTOS = YES_AGGRESSIVE;
				GCC_WARN_UNUSED_FUNCTION = YES;
				GCC_WARN_UNUSED_VARIABLE = YES;
				IPHONEOS_DEPLOYMENT_TARGET = 14.0;
				MTL_ENABLE_DEBUG_INFO = INCLUDE_SOURCE;
				MTL_FAST_MATH = YES;
				ONLY_ACTIVE_ARCH = YES;
				SDKROOT = iphoneos;
				SWIFT_ACTIVE_COMPILATION_CONDITIONS = DEBUG;
				SWIFT_OPTIMIZATION_LEVEL = "-Onone";
			};
			name = Debug;
		};
		8446F0BE25C535DF00953398 /* Release */ = {
			isa = XCBuildConfiguration;
			buildSettings = {
				ALWAYS_SEARCH_USER_PATHS = NO;
				CLANG_ANALYZER_NONNULL = YES;
				CLANG_ANALYZER_NUMBER_OBJECT_CONVERSION = YES_AGGRESSIVE;
				CLANG_CXX_LANGUAGE_STANDARD = "gnu++14";
				CLANG_CXX_LIBRARY = "libc++";
				CLANG_ENABLE_MODULES = YES;
				CLANG_ENABLE_OBJC_ARC = YES;
				CLANG_ENABLE_OBJC_WEAK = YES;
				CLANG_WARN_BLOCK_CAPTURE_AUTORELEASING = YES;
				CLANG_WARN_BOOL_CONVERSION = YES;
				CLANG_WARN_COMMA = YES;
				CLANG_WARN_CONSTANT_CONVERSION = YES;
				CLANG_WARN_DEPRECATED_OBJC_IMPLEMENTATIONS = YES;
				CLANG_WARN_DIRECT_OBJC_ISA_USAGE = YES_ERROR;
				CLANG_WARN_DOCUMENTATION_COMMENTS = YES;
				CLANG_WARN_EMPTY_BODY = YES;
				CLANG_WARN_ENUM_CONVERSION = YES;
				CLANG_WARN_INFINITE_RECURSION = YES;
				CLANG_WARN_INT_CONVERSION = YES;
				CLANG_WARN_NON_LITERAL_NULL_CONVERSION = YES;
				CLANG_WARN_OBJC_IMPLICIT_RETAIN_SELF = YES;
				CLANG_WARN_OBJC_LITERAL_CONVERSION = YES;
				CLANG_WARN_OBJC_ROOT_CLASS = YES_ERROR;
				CLANG_WARN_QUOTED_INCLUDE_IN_FRAMEWORK_HEADER = YES;
				CLANG_WARN_RANGE_LOOP_ANALYSIS = YES;
				CLANG_WARN_STRICT_PROTOTYPES = YES;
				CLANG_WARN_SUSPICIOUS_MOVE = YES;
				CLANG_WARN_UNGUARDED_AVAILABILITY = YES_AGGRESSIVE;
				CLANG_WARN_UNREACHABLE_CODE = YES;
				CLANG_WARN__DUPLICATE_METHOD_MATCH = YES;
				COPY_PHASE_STRIP = NO;
				DEBUG_INFORMATION_FORMAT = "dwarf-with-dsym";
				ENABLE_NS_ASSERTIONS = NO;
				ENABLE_STRICT_OBJC_MSGSEND = YES;
				GCC_C_LANGUAGE_STANDARD = gnu11;
				GCC_NO_COMMON_BLOCKS = YES;
				GCC_WARN_64_TO_32_BIT_CONVERSION = YES;
				GCC_WARN_ABOUT_RETURN_TYPE = YES_ERROR;
				GCC_WARN_UNDECLARED_SELECTOR = YES;
				GCC_WARN_UNINITIALIZED_AUTOS = YES_AGGRESSIVE;
				GCC_WARN_UNUSED_FUNCTION = YES;
				GCC_WARN_UNUSED_VARIABLE = YES;
				IPHONEOS_DEPLOYMENT_TARGET = 14.0;
				MTL_ENABLE_DEBUG_INFO = NO;
				MTL_FAST_MATH = YES;
				SDKROOT = iphoneos;
				SWIFT_COMPILATION_MODE = wholemodule;
				SWIFT_OPTIMIZATION_LEVEL = "-O";
				VALIDATE_PRODUCT = YES;
			};
			name = Release;
		};
		8446F0C025C535DF00953398 /* Debug */ = {
			isa = XCBuildConfiguration;
			buildSettings = {
				ASSETCATALOG_COMPILER_APPICON_NAME = AppIcon;
				ASSETCATALOG_COMPILER_GLOBAL_ACCENT_COLOR_NAME = AccentColor;
				CODE_SIGN_STYLE = Automatic;
				DEVELOPMENT_TEAM = 2E4LRAA3N7;
				INFOPLIST_FILE = "Machine Test/Info.plist";
				LD_RUNPATH_SEARCH_PATHS = (
					"$(inherited)",
					"@executable_path/Frameworks",
				);
				PRODUCT_BUNDLE_IDENTIFIER = "com.ab.Machine-Test";
				PRODUCT_NAME = "$(TARGET_NAME)";
				SWIFT_VERSION = 5.0;
				TARGETED_DEVICE_FAMILY = "1,2";
			};
			name = Debug;
		};
		8446F0C125C535DF00953398 /* Release */ = {
			isa = XCBuildConfiguration;
			buildSettings = {
				ASSETCATALOG_COMPILER_APPICON_NAME = AppIcon;
				ASSETCATALOG_COMPILER_GLOBAL_ACCENT_COLOR_NAME = AccentColor;
				CODE_SIGN_STYLE = Automatic;
				DEVELOPMENT_TEAM = 2E4LRAA3N7;
				INFOPLIST_FILE = "Machine Test/Info.plist";
				LD_RUNPATH_SEARCH_PATHS = (
					"$(inherited)",
					"@executable_path/Frameworks",
				);
				PRODUCT_BUNDLE_IDENTIFIER = "com.ab.Machine-Test";
				PRODUCT_NAME = "$(TARGET_NAME)";
				SWIFT_VERSION = 5.0;
				TARGETED_DEVICE_FAMILY = "1,2";
			};
			name = Release;
		};
/* End XCBuildConfiguration section */

/* Begin XCConfigurationList section */
		8446F0A625C535DF00953398 /* Build configuration list for PBXProject "Machine Test" */ = {
			isa = XCConfigurationList;
			buildConfigurations = (
				8446F0BD25C535DF00953398 /* Debug */,
				8446F0BE25C535DF00953398 /* Release */,
			);
			defaultConfigurationIsVisible = 0;
			defaultConfigurationName = Release;
		};
		8446F0BF25C535DF00953398 /* Build configuration list for PBXNativeTarget "Machine Test" */ = {
			isa = XCConfigurationList;
			buildConfigurations = (
				8446F0C025C535DF00953398 /* Debug */,
				8446F0C125C535DF00953398 /* Release */,
			);
			defaultConfigurationIsVisible = 0;
			defaultConfigurationName = Release;
		};
/* End XCConfigurationList section */
	};
	rootObject = 8446F0A325C535DF00953398 /* Project object */;
}
